
Microsoft Visual Studio Solution File, Format Version 12.00
# Visual Studio Version 17
VisualStudioVersion = 17.2.32526.322
MinimumVisualStudioVersion = 10.0.40219.1
Project("{9A19103F-16F7-4668-BE54-9A1E7A4F7556}") = "StudentLoanCalculator.Api", "StudentLoanCalculator.Api\StudentLoanCalculator.Api.csproj", "{DF3B9888-0814-4486-87D1-A82367794FD1}"
EndProject
Project("{FAE04EC0-301F-11D3-BF4B-00C04F79EFBC}") = "StudentLoanCalculator.Domain", "StudentLoanCalculator.Domain\StudentLoanCalculator.Domain.csproj", "{F7B64D54-5851-42F4-AC56-E0BD2541FD28}"
EndProject
Global
	GlobalSection(SolutionConfigurationPlatforms) = preSolution
		Debug|Any CPU = Debug|Any CPU
		Release|Any CPU = Release|Any CPU
	EndGlobalSection
	GlobalSection(ProjectConfigurationPlatforms) = postSolution
		{DF3B9888-0814-4486-87D1-A82367794FD1}.Debug|Any CPU.ActiveCfg = Debug|Any CPU
		{DF3B9888-0814-4486-87D1-A82367794FD1}.Debug|Any CPU.Build.0 = Debug|Any CPU
		{DF3B9888-0814-4486-87D1-A82367794FD1}.Release|Any CPU.ActiveCfg = Release|Any CPU
		{DF3B9888-0814-4486-87D1-A82367794FD1}.Release|Any CPU.Build.0 = Release|Any CPU
		{F7B64D54-5851-42F4-AC56-E0BD2541FD28}.Debug|Any CPU.ActiveCfg = Debug|Any CPU
		{F7B64D54-5851-42F4-AC56-E0BD2541FD28}.Debug|Any CPU.Build.0 = Debug|Any CPU
		{F7B64D54-5851-42F4-AC56-E0BD2541FD28}.Release|Any CPU.ActiveCfg = Release|Any CPU
		{F7B64D54-5851-42F4-AC56-E0BD2541FD28}.Release|Any CPU.Build.0 = Release|Any CPU
	EndGlobalSection
	GlobalSection(SolutionProperties) = preSolution
		HideSolutionNode = FALSE
	EndGlobalSection
	GlobalSection(ExtensibilityGlobals) = postSolution
		SolutionGuid = {200D9E5A-D0A3-42C1-988B-FE80452AF102}
	EndGlobalSection
EndGlobal
